PODS:
  - MisterFusion (3.0.0)
  - NoticeObserveKit (0.4.0)
  - URLEmbeddedView (0.15.2)

DEPENDENCIES:
  - MisterFusion (= 3.0.0)
  - NoticeObserveKit (= 0.4.0)
  - URLEmbeddedView (from `../`)

SPEC REPOS:
  https://github.com/cocoapods/specs.git:
    - MisterFusion
    - NoticeObserveKit

EXTERNAL SOURCES:
  URLEmbeddedView:
    :path: "../"

SPEC CHECKSUMS:
  MisterFusion: fd53e97f219514fcab8bb82985fb1aefade337da
  NoticeObserveKit: c307acb50f77576ffa26a6808b58e9b7cfe42dc3
  URLEmbeddedView: 53d9c4bea8a6c595e7a35b019241f87417269202

PODFILE CHECKSUM: bb667eb71e9f93132c4378383048348f9b7f63d4

COCOAPODS: 1.5.3
