PODS:
  - Kanna (2.1.1)
  - MisterFusion (2.2.1)
  - NoticeObserveKit (0.3.0)
  - URLEmbeddedView (0.10.3):
    - Kanna (~> 2.1.1)

DEPENDENCIES:
  - MisterFusion (= 2.2.1)
  - NoticeObserveKit (= 0.3.0)
  - URLEmbeddedView (from `../`)

EXTERNAL SOURCES:
  URLEmbeddedView:
    :path: ../

SPEC CHECKSUMS:
  Kanna: 9b4b086c218703f2b94f5b21a466217dd2f9332e
  MisterFusion: 5835783ee1c8306c4070a73beb3875dac681580c
  NoticeObserveKit: 66f37e06f155a3632d3a96e799cf7700f6a4c104
  URLEmbeddedView: 9a7c69a9885d82118ee9880f4c878ddfa04ce9c1

PODFILE CHECKSUM: 4aa1b26e56435d5dd811f0df1f98dc854ae11c23

COCOAPODS: 1.3.1
