// !$*UTF8*$!
{
	archiveVersion = 1;
	classes = {
	};
	objectVersion = 46;
	objects = {

/* Begin PBXBuildFile section */
		3744376020F90CA2008ABA8D /* Gap.swift in Sources */ = {isa = PBXBuildFile; fileRef = 3744375F20F90CA2008ABA8D /* Gap.swift */; };
		3744376320F90F37008ABA8D /* OpenGraph.swift in Sources */ = {isa = PBXBuildFile; fileRef = 3744376220F90F37008ABA8D /* OpenGraph.swift */; };
		3744376520F90F4F008ABA8D /* OpenGraph.HTML.swift in Sources */ = {isa = PBXBuildFile; fileRef = 3744376420F90F4F008ABA8D /* OpenGraph.HTML.swift */; };
		3744376720F90F63008ABA8D /* OpenGraph.Youtube.swift in Sources */ = {isa = PBXBuildFile; fileRef = 3744376620F90F63008ABA8D /* OpenGraph.Youtube.swift */; };
		3744376920F90F76008ABA8D /* OpenGraph.Data.swift in Sources */ = {isa = PBXBuildFile; fileRef = 3744376820F90F76008ABA8D /* OpenGraph.Data.swift */; };
		3744376B20F90FAE008ABA8D /* OpenGraphData.swift in Sources */ = {isa = PBXBuildFile; fileRef = 3744376A20F90FAE008ABA8D /* OpenGraphData.swift */; };
		3744377020F91859008ABA8D /* OpenGraphDataDownloader.swift in Sources */ = {isa = PBXBuildFile; fileRef = 3744376F20F91859008ABA8D /* OpenGraphDataDownloader.swift */; };
		3744377220F9CD19008ABA8D /* URLImageViewPresenter.swift in Sources */ = {isa = PBXBuildFile; fileRef = 3744377120F9CD19008ABA8D /* URLImageViewPresenter.swift */; };
		3744377420F9D24B008ABA8D /* URLEmbeddedViewPresenter.swift in Sources */ = {isa = PBXBuildFile; fileRef = 3744377320F9D24B008ABA8D /* URLEmbeddedViewPresenter.swift */; };
		374CCA1820FA520200682191 /* OGCacheData.swift in Sources */ = {isa = PBXBuildFile; fileRef = 374CCA1720FA520200682191 /* OGCacheData.swift */; };
		374CCA1A20FA526500682191 /* OGDataCacheManagerProtocol.swift in Sources */ = {isa = PBXBuildFile; fileRef = 374CCA1920FA526500682191 /* OGDataCacheManagerProtocol.swift */; };
		374CCA1C20FA532B00682191 /* OGDataNoCacheManager.swift in Sources */ = {isa = PBXBuildFile; fileRef = 374CCA1B20FA532B00682191 /* OGDataNoCacheManager.swift */; };
		374CCA1E20FA5A2300682191 /* FileManagerProtocol.swift in Sources */ = {isa = PBXBuildFile; fileRef = 374CCA1D20FA5A2300682191 /* FileManagerProtocol.swift */; };
		374CCA2020FA5BEF00682191 /* DataProtocol.swift in Sources */ = {isa = PBXBuildFile; fileRef = 374CCA1F20FA5BEF00682191 /* DataProtocol.swift */; };
		374CCA2220FA5C4A00682191 /* OGImageCacheManagerProtocol.swift in Sources */ = {isa = PBXBuildFile; fileRef = 374CCA2120FA5C4A00682191 /* OGImageCacheManagerProtocol.swift */; };
		3751D0751FBCA9840035E242 /* MD5.swift in Sources */ = {isa = PBXBuildFile; fileRef = 3751D0591FBCA9840035E242 /* MD5.swift */; };
		3751D0761FBCA9840035E242 /* NSTimeInterval+Util.swift in Sources */ = {isa = PBXBuildFile; fileRef = 3751D05A1FBCA9840035E242 /* NSTimeInterval+Util.swift */; };
		3751D0771FBCA9840035E242 /* NSUserDefaults+URLEmbeddedView.swift in Sources */ = {isa = PBXBuildFile; fileRef = 3751D05B1FBCA9840035E242 /* NSUserDefaults+URLEmbeddedView.swift */; };
		3751D0781FBCA9840035E242 /* HtmlRequest.swift in Sources */ = {isa = PBXBuildFile; fileRef = 3751D05E1FBCA9840035E242 /* HtmlRequest.swift */; };
		3751D0791FBCA9840035E242 /* ImageRequest.swift in Sources */ = {isa = PBXBuildFile; fileRef = 3751D05F1FBCA9840035E242 /* ImageRequest.swift */; };
		3751D07A1FBCA9840035E242 /* OGRequest.swift in Sources */ = {isa = PBXBuildFile; fileRef = 3751D0601FBCA9840035E242 /* OGRequest.swift */; };
		3751D07B1FBCA9840035E242 /* OGSession.swift in Sources */ = {isa = PBXBuildFile; fileRef = 3751D0611FBCA9840035E242 /* OGSession.swift */; };
		3751D07D1FBCA9840035E242 /* YoutubeEmbedRequest.swift in Sources */ = {isa = PBXBuildFile; fileRef = 3751D0631FBCA9840035E242 /* YoutubeEmbedRequest.swift */; };
		3751D07E1FBCA9840035E242 /* OGData+CoreDataProperties.swift in Sources */ = {isa = PBXBuildFile; fileRef = 3751D0661FBCA9840035E242 /* OGData+CoreDataProperties.swift */; };
		3751D07F1FBCA9840035E242 /* OGData.swift in Sources */ = {isa = PBXBuildFile; fileRef = 3751D0671FBCA9840035E242 /* OGData.swift */; };
		3751D0801FBCA9840035E242 /* OGDataCacheManager.swift in Sources */ = {isa = PBXBuildFile; fileRef = 3751D0681FBCA9840035E242 /* OGDataCacheManager.swift */; };
		3751D0811FBCA9840035E242 /* OGDataProvider.swift in Sources */ = {isa = PBXBuildFile; fileRef = 3751D0691FBCA9840035E242 /* OGDataProvider.swift */; };
		3751D0821FBCA9840035E242 /* OGImageCacheManager.swift in Sources */ = {isa = PBXBuildFile; fileRef = 3751D06B1FBCA9840035E242 /* OGImageCacheManager.swift */; };
		3751D0831FBCA9840035E242 /* OGImageProvider.swift in Sources */ = {isa = PBXBuildFile; fileRef = 3751D06C1FBCA9840035E242 /* OGImageProvider.swift */; };
		3751D0841FBCA9840035E242 /* AttributedTextProvider.swift in Sources */ = {isa = PBXBuildFile; fileRef = 3751D06E1FBCA9840035E242 /* AttributedTextProvider.swift */; };
		3751D0851FBCA9840035E242 /* AttributeManager.swift in Sources */ = {isa = PBXBuildFile; fileRef = 3751D06F1FBCA9840035E242 /* AttributeManager.swift */; };
		3751D0861FBCA9840035E242 /* AutoLayout.swift in Sources */ = {isa = PBXBuildFile; fileRef = 3751D0701FBCA9840035E242 /* AutoLayout.swift */; };
		3751D0871FBCA9840035E242 /* LinkIconView.swift in Sources */ = {isa = PBXBuildFile; fileRef = 3751D0711FBCA9840035E242 /* LinkIconView.swift */; };
		3751D0881FBCA9840035E242 /* URLEmbeddedView+Inspectable.swift in Sources */ = {isa = PBXBuildFile; fileRef = 3751D0721FBCA9840035E242 /* URLEmbeddedView+Inspectable.swift */; };
		3751D0891FBCA9840035E242 /* URLEmbeddedView.swift in Sources */ = {isa = PBXBuildFile; fileRef = 3751D0731FBCA9840035E242 /* URLEmbeddedView.swift */; };
		3751D08A1FBCA9840035E242 /* URLImageView.swift in Sources */ = {isa = PBXBuildFile; fileRef = 3751D0741FBCA9840035E242 /* URLImageView.swift */; };
		37B1938320FB08E200D2698C /* Lock.swift in Sources */ = {isa = PBXBuildFile; fileRef = 37B1938220FB08E200D2698C /* Lock.swift */; };
		37B1938420FB08E200D2698C /* Lock.swift in Sources */ = {isa = PBXBuildFile; fileRef = 37B1938220FB08E200D2698C /* Lock.swift */; };
		37B8EDBF20FA6EE500C3FDE0 /* AttributedTextProvider.swift in Sources */ = {isa = PBXBuildFile; fileRef = 3751D06E1FBCA9840035E242 /* AttributedTextProvider.swift */; };
		37B8EDC020FA6EE500C3FDE0 /* AttributeManager.swift in Sources */ = {isa = PBXBuildFile; fileRef = 3751D06F1FBCA9840035E242 /* AttributeManager.swift */; };
		37B8EDC120FA6EE500C3FDE0 /* AutoLayout.swift in Sources */ = {isa = PBXBuildFile; fileRef = 3751D0701FBCA9840035E242 /* AutoLayout.swift */; };
		37B8EDC220FA6EE500C3FDE0 /* DataProtocol.swift in Sources */ = {isa = PBXBuildFile; fileRef = 374CCA1F20FA5BEF00682191 /* DataProtocol.swift */; };
		37B8EDC320FA6EE500C3FDE0 /* FileManagerProtocol.swift in Sources */ = {isa = PBXBuildFile; fileRef = 374CCA1D20FA5A2300682191 /* FileManagerProtocol.swift */; };
		37B8EDC420FA6EE500C3FDE0 /* Gap.swift in Sources */ = {isa = PBXBuildFile; fileRef = 3744375F20F90CA2008ABA8D /* Gap.swift */; };
		37B8EDC520FA6EE500C3FDE0 /* HtmlRequest.swift in Sources */ = {isa = PBXBuildFile; fileRef = 3751D05E1FBCA9840035E242 /* HtmlRequest.swift */; };
		37B8EDC620FA6EE500C3FDE0 /* ImageRequest.swift in Sources */ = {isa = PBXBuildFile; fileRef = 3751D05F1FBCA9840035E242 /* ImageRequest.swift */; };
		37B8EDC720FA6EE500C3FDE0 /* LinkIconView.swift in Sources */ = {isa = PBXBuildFile; fileRef = 3751D0711FBCA9840035E242 /* LinkIconView.swift */; };
		37B8EDC820FA6EE500C3FDE0 /* MD5.swift in Sources */ = {isa = PBXBuildFile; fileRef = 3751D0591FBCA9840035E242 /* MD5.swift */; };
		37B8EDC920FA6EE500C3FDE0 /* NSTimeInterval+Util.swift in Sources */ = {isa = PBXBuildFile; fileRef = 3751D05A1FBCA9840035E242 /* NSTimeInterval+Util.swift */; };
		37B8EDCA20FA6EE500C3FDE0 /* NSUserDefaults+URLEmbeddedView.swift in Sources */ = {isa = PBXBuildFile; fileRef = 3751D05B1FBCA9840035E242 /* NSUserDefaults+URLEmbeddedView.swift */; };
		37B8EDCB20FA6EE500C3FDE0 /* OGCacheData.swift in Sources */ = {isa = PBXBuildFile; fileRef = 374CCA1720FA520200682191 /* OGCacheData.swift */; };
		37B8EDCC20FA6EE500C3FDE0 /* OGData+CoreDataProperties.swift in Sources */ = {isa = PBXBuildFile; fileRef = 3751D0661FBCA9840035E242 /* OGData+CoreDataProperties.swift */; };
		37B8EDCD20FA6EE500C3FDE0 /* OGData.swift in Sources */ = {isa = PBXBuildFile; fileRef = 3751D0671FBCA9840035E242 /* OGData.swift */; };
		37B8EDCE20FA6EE500C3FDE0 /* OGDataCacheManager.swift in Sources */ = {isa = PBXBuildFile; fileRef = 3751D0681FBCA9840035E242 /* OGDataCacheManager.swift */; };
		37B8EDCF20FA6EE500C3FDE0 /* OGDataCacheManagerProtocol.swift in Sources */ = {isa = PBXBuildFile; fileRef = 374CCA1920FA526500682191 /* OGDataCacheManagerProtocol.swift */; };
		37B8EDD020FA6EE500C3FDE0 /* OGDataNoCacheManager.swift in Sources */ = {isa = PBXBuildFile; fileRef = 374CCA1B20FA532B00682191 /* OGDataNoCacheManager.swift */; };
		37B8EDD120FA6EE500C3FDE0 /* OGDataProvider.swift in Sources */ = {isa = PBXBuildFile; fileRef = 3751D0691FBCA9840035E242 /* OGDataProvider.swift */; };
		37B8EDD220FA6EE500C3FDE0 /* OGImageCacheManager.swift in Sources */ = {isa = PBXBuildFile; fileRef = 3751D06B1FBCA9840035E242 /* OGImageCacheManager.swift */; };
		37B8EDD320FA6EE500C3FDE0 /* OGImageCacheManagerProtocol.swift in Sources */ = {isa = PBXBuildFile; fileRef = 374CCA2120FA5C4A00682191 /* OGImageCacheManagerProtocol.swift */; };
		37B8EDD420FA6EE500C3FDE0 /* OGImageProvider.swift in Sources */ = {isa = PBXBuildFile; fileRef = 3751D06C1FBCA9840035E242 /* OGImageProvider.swift */; };
		37B8EDD520FA6EE500C3FDE0 /* OGRequest.swift in Sources */ = {isa = PBXBuildFile; fileRef = 3751D0601FBCA9840035E242 /* OGRequest.swift */; };
		37B8EDD620FA6EE500C3FDE0 /* OGSession.swift in Sources */ = {isa = PBXBuildFile; fileRef = 3751D0611FBCA9840035E242 /* OGSession.swift */; };
		37B8EDD720FA6EE500C3FDE0 /* OpenGraph.Data.swift in Sources */ = {isa = PBXBuildFile; fileRef = 3744376820F90F76008ABA8D /* OpenGraph.Data.swift */; };
		37B8EDD820FA6EE500C3FDE0 /* OpenGraph.HTML.swift in Sources */ = {isa = PBXBuildFile; fileRef = 3744376420F90F4F008ABA8D /* OpenGraph.HTML.swift */; };
		37B8EDD920FA6EE500C3FDE0 /* OpenGraph.swift in Sources */ = {isa = PBXBuildFile; fileRef = 3744376220F90F37008ABA8D /* OpenGraph.swift */; };
		37B8EDDA20FA6EE500C3FDE0 /* OpenGraph.Youtube.swift in Sources */ = {isa = PBXBuildFile; fileRef = 3744376620F90F63008ABA8D /* OpenGraph.Youtube.swift */; };
		37B8EDDB20FA6EE500C3FDE0 /* OpenGraphData.swift in Sources */ = {isa = PBXBuildFile; fileRef = 3744376A20F90FAE008ABA8D /* OpenGraphData.swift */; };
		37B8EDDC20FA6EE500C3FDE0 /* OpenGraphDataDownloader.swift in Sources */ = {isa = PBXBuildFile; fileRef = 3744376F20F91859008ABA8D /* OpenGraphDataDownloader.swift */; };
		37B8EDDD20FA6EE500C3FDE0 /* URLEmbeddedView+Inspectable.swift in Sources */ = {isa = PBXBuildFile; fileRef = 3751D0721FBCA9840035E242 /* URLEmbeddedView+Inspectable.swift */; };
		37B8EDDE20FA6EE500C3FDE0 /* URLEmbeddedView.swift in Sources */ = {isa = PBXBuildFile; fileRef = 3751D0731FBCA9840035E242 /* URLEmbeddedView.swift */; };
		37B8EDDF20FA6EE500C3FDE0 /* URLEmbeddedViewOGData.xcdatamodeld in Sources */ = {isa = PBXBuildFile; fileRef = 37F9EA811F8A0CFB00858317 /* URLEmbeddedViewOGData.xcdatamodeld */; };
		37B8EDE020FA6EE500C3FDE0 /* URLEmbeddedViewPresenter.swift in Sources */ = {isa = PBXBuildFile; fileRef = 3744377320F9D24B008ABA8D /* URLEmbeddedViewPresenter.swift */; };
		37B8EDE120FA6EE500C3FDE0 /* URLImageView.swift in Sources */ = {isa = PBXBuildFile; fileRef = 3751D0741FBCA9840035E242 /* URLImageView.swift */; };
		37B8EDE220FA6EE500C3FDE0 /* URLImageViewPresenter.swift in Sources */ = {isa = PBXBuildFile; fileRef = 3744377120F9CD19008ABA8D /* URLImageViewPresenter.swift */; };
		37B8EDE320FA6EE500C3FDE0 /* YoutubeEmbedRequest.swift in Sources */ = {isa = PBXBuildFile; fileRef = 3751D0631FBCA9840035E242 /* YoutubeEmbedRequest.swift */; };
		37B8EDE620FA6EE500C3FDE0 /* URLEmbeddedView.h in Headers */ = {isa = PBXBuildFile; fileRef = ED602B6C1F42D4EB00A45816 /* URLEmbeddedView.h */; settings = {ATTRIBUTES = (Public, ); }; };
		37B8EDE820FA6EE500C3FDE0 /* LinkIcon.pdf in Resources */ = {isa = PBXBuildFile; fileRef = 37F9EA801F8A0CFB00858317 /* LinkIcon.pdf */; };
		37F9EA841F8A0CFB00858317 /* LinkIcon.pdf in Resources */ = {isa = PBXBuildFile; fileRef = 37F9EA801F8A0CFB00858317 /* LinkIcon.pdf */; };
		37F9EA851F8A0CFB00858317 /* URLEmbeddedViewOGData.xcdatamodeld in Sources */ = {isa = PBXBuildFile; fileRef = 37F9EA811F8A0CFB00858317 /* URLEmbeddedViewOGData.xcdatamodeld */; };
		ED602B6E1F42D4EB00A45816 /* URLEmbeddedView.h in Headers */ = {isa = PBXBuildFile; fileRef = ED602B6C1F42D4EB00A45816 /* URLEmbeddedView.h */; settings = {ATTRIBUTES = (Public, ); }; };
/* End PBXBuildFile section */

/* Begin PBXFileReference section */
		3744375F20F90CA2008ABA8D /* Gap.swift */ = {isa = PBXFileReference; fileEncoding = 4; lastKnownFileType = sourcecode.swift; path = Gap.swift; sourceTree = "<group>"; };
		3744376220F90F37008ABA8D /* OpenGraph.swift */ = {isa = PBXFileReference; lastKnownFileType = sourcecode.swift; path = OpenGraph.swift; sourceTree = "<group>"; };
		3744376420F90F4F008ABA8D /* OpenGraph.HTML.swift */ = {isa = PBXFileReference; lastKnownFileType = sourcecode.swift; path = OpenGraph.HTML.swift; sourceTree = "<group>"; };
		3744376620F90F63008ABA8D /* OpenGraph.Youtube.swift */ = {isa = PBXFileReference; lastKnownFileType = sourcecode.swift; path = OpenGraph.Youtube.swift; sourceTree = "<group>"; };
		3744376820F90F76008ABA8D /* OpenGraph.Data.swift */ = {isa = PBXFileReference; lastKnownFileType = sourcecode.swift; path = OpenGraph.Data.swift; sourceTree = "<group>"; };
		3744376A20F90FAE008ABA8D /* OpenGraphData.swift */ = {isa = PBXFileReference; lastKnownFileType = sourcecode.swift; path = OpenGraphData.swift; sourceTree = "<group>"; };
		3744376F20F91859008ABA8D /* OpenGraphDataDownloader.swift */ = {isa = PBXFileReference; lastKnownFileType = sourcecode.swift; path = OpenGraphDataDownloader.swift; sourceTree = "<group>"; };
		3744377120F9CD19008ABA8D /* URLImageViewPresenter.swift */ = {isa = PBXFileReference; lastKnownFileType = sourcecode.swift; path = URLImageViewPresenter.swift; sourceTree = "<group>"; };
		3744377320F9D24B008ABA8D /* URLEmbeddedViewPresenter.swift */ = {isa = PBXFileReference; lastKnownFileType = sourcecode.swift; path = URLEmbeddedViewPresenter.swift; sourceTree = "<group>"; };
		374CCA1720FA520200682191 /* OGCacheData.swift */ = {isa = PBXFileReference; lastKnownFileType = sourcecode.swift; path = OGCacheData.swift; sourceTree = "<group>"; };
		374CCA1920FA526500682191 /* OGDataCacheManagerProtocol.swift */ = {isa = PBXFileReference; lastKnownFileType = sourcecode.swift; path = OGDataCacheManagerProtocol.swift; sourceTree = "<group>"; };
		374CCA1B20FA532B00682191 /* OGDataNoCacheManager.swift */ = {isa = PBXFileReference; lastKnownFileType = sourcecode.swift; path = OGDataNoCacheManager.swift; sourceTree = "<group>"; };
		374CCA1D20FA5A2300682191 /* FileManagerProtocol.swift */ = {isa = PBXFileReference; lastKnownFileType = sourcecode.swift; path = FileManagerProtocol.swift; sourceTree = "<group>"; };
		374CCA1F20FA5BEF00682191 /* DataProtocol.swift */ = {isa = PBXFileReference; lastKnownFileType = sourcecode.swift; path = DataProtocol.swift; sourceTree = "<group>"; };
		374CCA2120FA5C4A00682191 /* OGImageCacheManagerProtocol.swift */ = {isa = PBXFileReference; lastKnownFileType = sourcecode.swift; path = OGImageCacheManagerProtocol.swift; sourceTree = "<group>"; };
		3751D0591FBCA9840035E242 /* MD5.swift */ = {isa = PBXFileReference; fileEncoding = 4; lastKnownFileType = sourcecode.swift; path = MD5.swift; sourceTree = "<group>"; };
		3751D05A1FBCA9840035E242 /* NSTimeInterval+Util.swift */ = {isa = PBXFileReference; fileEncoding = 4; lastKnownFileType = sourcecode.swift; path = "NSTimeInterval+Util.swift"; sourceTree = "<group>"; };
		3751D05B1FBCA9840035E242 /* NSUserDefaults+URLEmbeddedView.swift */ = {isa = PBXFileReference; fileEncoding = 4; lastKnownFileType = sourcecode.swift; path = "NSUserDefaults+URLEmbeddedView.swift"; sourceTree = "<group>"; };
		3751D05E1FBCA9840035E242 /* HtmlRequest.swift */ = {isa = PBXFileReference; fileEncoding = 4; lastKnownFileType = sourcecode.swift; path = HtmlRequest.swift; sourceTree = "<group>"; };
		3751D05F1FBCA9840035E242 /* ImageRequest.swift */ = {isa = PBXFileReference; fileEncoding = 4; lastKnownFileType = sourcecode.swift; path = ImageRequest.swift; sourceTree = "<group>"; };
		3751D0601FBCA9840035E242 /* OGRequest.swift */ = {isa = PBXFileReference; fileEncoding = 4; lastKnownFileType = sourcecode.swift; path = OGRequest.swift; sourceTree = "<group>"; };
		3751D0611FBCA9840035E242 /* OGSession.swift */ = {isa = PBXFileReference; fileEncoding = 4; lastKnownFileType = sourcecode.swift; path = OGSession.swift; sourceTree = "<group>"; };
		3751D0631FBCA9840035E242 /* YoutubeEmbedRequest.swift */ = {isa = PBXFileReference; fileEncoding = 4; lastKnownFileType = sourcecode.swift; path = YoutubeEmbedRequest.swift; sourceTree = "<group>"; };
		3751D0661FBCA9840035E242 /* OGData+CoreDataProperties.swift */ = {isa = PBXFileReference; fileEncoding = 4; lastKnownFileType = sourcecode.swift; path = "OGData+CoreDataProperties.swift"; sourceTree = "<group>"; };
		3751D0671FBCA9840035E242 /* OGData.swift */ = {isa = PBXFileReference; fileEncoding = 4; lastKnownFileType = sourcecode.swift; path = OGData.swift; sourceTree = "<group>"; };
		3751D0681FBCA9840035E242 /* OGDataCacheManager.swift */ = {isa = PBXFileReference; fileEncoding = 4; lastKnownFileType = sourcecode.swift; path = OGDataCacheManager.swift; sourceTree = "<group>"; };
		3751D0691FBCA9840035E242 /* OGDataProvider.swift */ = {isa = PBXFileReference; fileEncoding = 4; lastKnownFileType = sourcecode.swift; path = OGDataProvider.swift; sourceTree = "<group>"; };
		3751D06B1FBCA9840035E242 /* OGImageCacheManager.swift */ = {isa = PBXFileReference; fileEncoding = 4; lastKnownFileType = sourcecode.swift; path = OGImageCacheManager.swift; sourceTree = "<group>"; };
		3751D06C1FBCA9840035E242 /* OGImageProvider.swift */ = {isa = PBXFileReference; fileEncoding = 4; lastKnownFileType = sourcecode.swift; path = OGImageProvider.swift; sourceTree = "<group>"; };
		3751D06E1FBCA9840035E242 /* AttributedTextProvider.swift */ = {isa = PBXFileReference; fileEncoding = 4; lastKnownFileType = sourcecode.swift; path = AttributedTextProvider.swift; sourceTree = "<group>"; };
		3751D06F1FBCA9840035E242 /* AttributeManager.swift */ = {isa = PBXFileReference; fileEncoding = 4; lastKnownFileType = sourcecode.swift; path = AttributeManager.swift; sourceTree = "<group>"; };
		3751D0701FBCA9840035E242 /* AutoLayout.swift */ = {isa = PBXFileReference; fileEncoding = 4; lastKnownFileType = sourcecode.swift; path = AutoLayout.swift; sourceTree = "<group>"; };
		3751D0711FBCA9840035E242 /* LinkIconView.swift */ = {isa = PBXFileReference; fileEncoding = 4; lastKnownFileType = sourcecode.swift; path = LinkIconView.swift; sourceTree = "<group>"; };
		3751D0721FBCA9840035E242 /* URLEmbeddedView+Inspectable.swift */ = {isa = PBXFileReference; fileEncoding = 4; lastKnownFileType = sourcecode.swift; path = "URLEmbeddedView+Inspectable.swift"; sourceTree = "<group>"; };
		3751D0731FBCA9840035E242 /* URLEmbeddedView.swift */ = {isa = PBXFileReference; fileEncoding = 4; lastKnownFileType = sourcecode.swift; path = URLEmbeddedView.swift; sourceTree = "<group>"; };
		3751D0741FBCA9840035E242 /* URLImageView.swift */ = {isa = PBXFileReference; fileEncoding = 4; lastKnownFileType = sourcecode.swift; path = URLImageView.swift; sourceTree = "<group>"; };
		37B1938220FB08E200D2698C /* Lock.swift */ = {isa = PBXFileReference; lastKnownFileType = sourcecode.swift; path = Lock.swift; sourceTree = "<group>"; };
		37B8EDEC20FA6EE500C3FDE0 /* URLEmbeddedView.framework */ = {isa = PBXFileReference; explicitFileType = wrapper.framework; includeInIndex = 0; path = URLEmbeddedView.framework; sourceTree = BUILT_PRODUCTS_DIR; };
		37B8EDEE20FA6F8400C3FDE0 /* Info-iOS.plist */ = {isa = PBXFileReference; lastKnownFileType = text.plist.xml; path = "Info-iOS.plist"; sourceTree = "<group>"; };
		37B8EDEF20FA6F8500C3FDE0 /* Info-tvOS.plist */ = {isa = PBXFileReference; lastKnownFileType = text.plist.xml; path = "Info-tvOS.plist"; sourceTree = "<group>"; };
		37F9EA801F8A0CFB00858317 /* LinkIcon.pdf */ = {isa = PBXFileReference; lastKnownFileType = image.pdf; path = LinkIcon.pdf; sourceTree = "<group>"; };
		37F9EA821F8A0CFB00858317 /* URLEmbeddedViewOGData.xcdatamodel */ = {isa = PBXFileReference; lastKnownFileType = wrapper.xcdatamodel; path = URLEmbeddedViewOGData.xcdatamodel; sourceTree = "<group>"; };
		37F9EA831F8A0CFB00858317 /* URLEmbeddedViewOGData2.xcdatamodel */ = {isa = PBXFileReference; lastKnownFileType = wrapper.xcdatamodel; path = URLEmbeddedViewOGData2.xcdatamodel; sourceTree = "<group>"; };
		ED602B691F42D4EB00A45816 /* URLEmbeddedView.framework */ = {isa = PBXFileReference; explicitFileType = wrapper.framework; includeInIndex = 0; path = URLEmbeddedView.framework; sourceTree = BUILT_PRODUCTS_DIR; };
		ED602B6C1F42D4EB00A45816 /* URLEmbeddedView.h */ = {isa = PBXFileReference; lastKnownFileType = sourcecode.c.h; path = URLEmbeddedView.h; sourceTree = "<group>"; };
/* End PBXFileReference section */

/* Begin PBXFrameworksBuildPhase section */
		37B8EDE420FA6EE500C3FDE0 /* Frameworks */ = {
			isa = PBXFrameworksBuildPhase;
			buildActionMask = 2147483647;
			files = (
			);
			runOnlyForDeploymentPostprocessing = 0;
		};
		ED602B651F42D4EB00A45816 /* Frameworks */ = {
			isa = PBXFrameworksBuildPhase;
			buildActionMask = 2147483647;
			files = (
			);
			runOnlyForDeploymentPostprocessing = 0;
		};
/* End PBXFrameworksBuildPhase section */

/* Begin PBXGroup section */
		3744376120F90F19008ABA8D /* Entity */ = {
			isa = PBXGroup;
			children = (
				3744376820F90F76008ABA8D /* OpenGraph.Data.swift */,
				3744376420F90F4F008ABA8D /* OpenGraph.HTML.swift */,
				3744376220F90F37008ABA8D /* OpenGraph.swift */,
				3744376620F90F63008ABA8D /* OpenGraph.Youtube.swift */,
				3744376A20F90FAE008ABA8D /* OpenGraphData.swift */,
			);
			path = Entity;
			sourceTree = "<group>";
		};
		3744376E20F917F2008ABA8D /* Downloader */ = {
			isa = PBXGroup;
			children = (
				3744376F20F91859008ABA8D /* OpenGraphDataDownloader.swift */,
			);
			path = Downloader;
			sourceTree = "<group>";
		};
		3751D0581FBCA9840035E242 /* Extension */ = {
			isa = PBXGroup;
			children = (
				3744375F20F90CA2008ABA8D /* Gap.swift */,
				37B1938220FB08E200D2698C /* Lock.swift */,
				3751D0591FBCA9840035E242 /* MD5.swift */,
				3751D05A1FBCA9840035E242 /* NSTimeInterval+Util.swift */,
				3751D05B1FBCA9840035E242 /* NSUserDefaults+URLEmbeddedView.swift */,
			);
			path = Extension;
			sourceTree = "<group>";
		};
		3751D05C1FBCA9840035E242 /* Core */ = {
			isa = PBXGroup;
			children = (
				3751D05D1FBCA9840035E242 /* API */,
				3751D0641FBCA9840035E242 /* Cache */,
				3744376E20F917F2008ABA8D /* Downloader */,
				3744376120F90F19008ABA8D /* Entity */,
			);
			path = Core;
			sourceTree = "<group>";
		};
		3751D05D1FBCA9840035E242 /* API */ = {
			isa = PBXGroup;
			children = (
				3751D05E1FBCA9840035E242 /* HtmlRequest.swift */,
				3751D05F1FBCA9840035E242 /* ImageRequest.swift */,
				3751D0601FBCA9840035E242 /* OGRequest.swift */,
				3751D0611FBCA9840035E242 /* OGSession.swift */,
				3751D0631FBCA9840035E242 /* YoutubeEmbedRequest.swift */,
			);
			path = API;
			sourceTree = "<group>";
		};
		3751D0641FBCA9840035E242 /* Cache */ = {
			isa = PBXGroup;
			children = (
				3751D0651FBCA9840035E242 /* Data */,
				3751D06A1FBCA9840035E242 /* Image */,
				374CCA1F20FA5BEF00682191 /* DataProtocol.swift */,
				374CCA1D20FA5A2300682191 /* FileManagerProtocol.swift */,
			);
			path = Cache;
			sourceTree = "<group>";
		};
		3751D0651FBCA9840035E242 /* Data */ = {
			isa = PBXGroup;
			children = (
				374CCA1720FA520200682191 /* OGCacheData.swift */,
				3751D0661FBCA9840035E242 /* OGData+CoreDataProperties.swift */,
				3751D0671FBCA9840035E242 /* OGData.swift */,
				3751D0681FBCA9840035E242 /* OGDataCacheManager.swift */,
				374CCA1920FA526500682191 /* OGDataCacheManagerProtocol.swift */,
				374CCA1B20FA532B00682191 /* OGDataNoCacheManager.swift */,
				3751D0691FBCA9840035E242 /* OGDataProvider.swift */,
			);
			path = Data;
			sourceTree = "<group>";
		};
		3751D06A1FBCA9840035E242 /* Image */ = {
			isa = PBXGroup;
			children = (
				3751D06B1FBCA9840035E242 /* OGImageCacheManager.swift */,
				374CCA2120FA5C4A00682191 /* OGImageCacheManagerProtocol.swift */,
				3751D06C1FBCA9840035E242 /* OGImageProvider.swift */,
			);
			path = Image;
			sourceTree = "<group>";
		};
		3751D06D1FBCA9840035E242 /* UI */ = {
			isa = PBXGroup;
			children = (
				3751D06E1FBCA9840035E242 /* AttributedTextProvider.swift */,
				3751D06F1FBCA9840035E242 /* AttributeManager.swift */,
				3751D0701FBCA9840035E242 /* AutoLayout.swift */,
				3751D0711FBCA9840035E242 /* LinkIconView.swift */,
				3751D0721FBCA9840035E242 /* URLEmbeddedView+Inspectable.swift */,
				3751D0731FBCA9840035E242 /* URLEmbeddedView.swift */,
				3744377320F9D24B008ABA8D /* URLEmbeddedViewPresenter.swift */,
				3751D0741FBCA9840035E242 /* URLImageView.swift */,
				3744377120F9CD19008ABA8D /* URLImageViewPresenter.swift */,
			);
			path = UI;
			sourceTree = "<group>";
		};
		37F9EA7F1F8A0CFB00858317 /* Resources */ = {
			isa = PBXGroup;
			children = (
				37B8EDEE20FA6F8400C3FDE0 /* Info-iOS.plist */,
				37B8EDEF20FA6F8500C3FDE0 /* Info-tvOS.plist */,
				37F9EA801F8A0CFB00858317 /* LinkIcon.pdf */,
				37F9EA811F8A0CFB00858317 /* URLEmbeddedViewOGData.xcdatamodeld */,
			);
			path = Resources;
			sourceTree = "<group>";
		};
		ED602B5F1F42D4EB00A45816 = {
			isa = PBXGroup;
			children = (
				ED602B6A1F42D4EB00A45816 /* Products */,
				37F9EA7F1F8A0CFB00858317 /* Resources */,
				ED602B6B1F42D4EB00A45816 /* URLEmbeddedView */,
			);
			sourceTree = "<group>";
		};
		ED602B6A1F42D4EB00A45816 /* Products */ = {
			isa = PBXGroup;
			children = (
				ED602B691F42D4EB00A45816 /* URLEmbeddedView.framework */,
				37B8EDEC20FA6EE500C3FDE0 /* URLEmbeddedView.framework */,
			);
			name = Products;
			sourceTree = "<group>";
		};
		ED602B6B1F42D4EB00A45816 /* URLEmbeddedView */ = {
			isa = PBXGroup;
			children = (
				3751D05C1FBCA9840035E242 /* Core */,
				3751D0581FBCA9840035E242 /* Extension */,
				3751D06D1FBCA9840035E242 /* UI */,
				ED602B6C1F42D4EB00A45816 /* URLEmbeddedView.h */,
			);
			path = URLEmbeddedView;
			sourceTree = "<group>";
		};
/* End PBXGroup section */

/* Begin PBXHeadersBuildPhase section */
		37B8EDE520FA6EE500C3FDE0 /* Headers */ = {
			isa = PBXHeadersBuildPhase;
			buildActionMask = 2147483647;
			files = (
				37B8EDE620FA6EE500C3FDE0 /* URLEmbeddedView.h in Headers */,
			);
			runOnlyForDeploymentPostprocessing = 0;
		};
		ED602B661F42D4EB00A45816 /* Headers */ = {
			isa = PBXHeadersBuildPhase;
			buildActionMask = 2147483647;
			files = (
				ED602B6E1F42D4EB00A45816 /* URLEmbeddedView.h in Headers */,
			);
			runOnlyForDeploymentPostprocessing = 0;
		};
/* End PBXHeadersBuildPhase section */

/* Begin PBXNativeTarget section */
		37B8EDBD20FA6EE500C3FDE0 /* URLEmbeddedView-tvOS */ = {
			isa = PBXNativeTarget;
			buildConfigurationList = 37B8EDE920FA6EE500C3FDE0 /* Build configuration list for PBXNativeTarget "URLEmbeddedView-tvOS" */;
			buildPhases = (
				37B8EDBE20FA6EE500C3FDE0 /* Sources */,
				37B8EDE420FA6EE500C3FDE0 /* Frameworks */,
				37B8EDE520FA6EE500C3FDE0 /* Headers */,
				37B8EDE720FA6EE500C3FDE0 /* Resources */,
			);
			buildRules = (
			);
			dependencies = (
			);
			name = "URLEmbeddedView-tvOS";
			productName = URLEmbeddedView;
			productReference = 37B8EDEC20FA6EE500C3FDE0 /* URLEmbeddedView.framework */;
			productType = "com.apple.product-type.framework";
		};
		ED602B681F42D4EB00A45816 /* URLEmbeddedView-iOS */ = {
			isa = PBXNativeTarget;
			buildConfigurationList = ED602B711F42D4EB00A45816 /* Build configuration list for PBXNativeTarget "URLEmbeddedView-iOS" */;
			buildPhases = (
				ED602B641F42D4EB00A45816 /* Sources */,
				ED602B651F42D4EB00A45816 /* Frameworks */,
				ED602B661F42D4EB00A45816 /* Headers */,
				ED602B671F42D4EB00A45816 /* Resources */,
			);
			buildRules = (
			);
			dependencies = (
			);
			name = "URLEmbeddedView-iOS";
			productName = URLEmbeddedView;
			productReference = ED602B691F42D4EB00A45816 /* URLEmbeddedView.framework */;
			productType = "com.apple.product-type.framework";
		};
/* End PBXNativeTarget section */

/* Begin PBXProject section */
		ED602B601F42D4EB00A45816 /* Project object */ = {
			isa = PBXProject;
			attributes = {
				LastUpgradeCheck = 0940;
				ORGANIZATIONNAME = "marty-suzuki";
				TargetAttributes = {
					37B8EDBD20FA6EE500C3FDE0 = {
						LastSwiftMigration = 1000;
						ProvisioningStyle = Manual;
					};
					ED602B681F42D4EB00A45816 = {
						CreatedOnToolsVersion = 8.3.3;
						LastSwiftMigration = "";
						ProvisioningStyle = Manual;
					};
				};
			};
			buildConfigurationList = ED602B631F42D4EB00A45816 /* Build configuration list for PBXProject "URLEmbeddedView" */;
			compatibilityVersion = "Xcode 3.2";
			developmentRegion = English;
			hasScannedForEncodings = 0;
			knownRegions = (
				en,
			);
			mainGroup = ED602B5F1F42D4EB00A45816;
			productRefGroup = ED602B6A1F42D4EB00A45816 /* Products */;
			projectDirPath = "";
			projectRoot = "";
			targets = (
				ED602B681F42D4EB00A45816 /* URLEmbeddedView-iOS */,
				37B8EDBD20FA6EE500C3FDE0 /* URLEmbeddedView-tvOS */,
			);
		};
/* End PBXProject section */

/* Begin PBXResourcesBuildPhase section */
		37B8EDE720FA6EE500C3FDE0 /* Resources */ = {
			isa = PBXResourcesBuildPhase;
			buildActionMask = 2147483647;
			files = (
				37B8EDE820FA6EE500C3FDE0 /* LinkIcon.pdf in Resources */,
			);
			runOnlyForDeploymentPostprocessing = 0;
		};
		ED602B671F42D4EB00A45816 /* Resources */ = {
			isa = PBXResourcesBuildPhase;
			buildActionMask = 2147483647;
			files = (
				37F9EA841F8A0CFB00858317 /* LinkIcon.pdf in Resources */,
			);
			runOnlyForDeploymentPostprocessing = 0;
		};
/* End PBXResourcesBuildPhase section */

/* Begin PBXSourcesBuildPhase section */
		37B8EDBE20FA6EE500C3FDE0 /* Sources */ = {
			isa = PBXSourcesBuildPhase;
			buildActionMask = 2147483647;
			files = (
				37B8EDBF20FA6EE500C3FDE0 /* AttributedTextProvider.swift in Sources */,
				37B8EDC020FA6EE500C3FDE0 /* AttributeManager.swift in Sources */,
				37B1938420FB08E200D2698C /* Lock.swift in Sources */,
				37B8EDC120FA6EE500C3FDE0 /* AutoLayout.swift in Sources */,
				37B8EDC220FA6EE500C3FDE0 /* DataProtocol.swift in Sources */,
				37B8EDC320FA6EE500C3FDE0 /* FileManagerProtocol.swift in Sources */,
				37B8EDC420FA6EE500C3FDE0 /* Gap.swift in Sources */,
				37B8EDC520FA6EE500C3FDE0 /* HtmlRequest.swift in Sources */,
				37B8EDC620FA6EE500C3FDE0 /* ImageRequest.swift in Sources */,
				37B8EDC720FA6EE500C3FDE0 /* LinkIconView.swift in Sources */,
				37B8EDC820FA6EE500C3FDE0 /* MD5.swift in Sources */,
				37B8EDC920FA6EE500C3FDE0 /* NSTimeInterval+Util.swift in Sources */,
				37B8EDCA20FA6EE500C3FDE0 /* NSUserDefaults+URLEmbeddedView.swift in Sources */,
				37B8EDCB20FA6EE500C3FDE0 /* OGCacheData.swift in Sources */,
				37B8EDCC20FA6EE500C3FDE0 /* OGData+CoreDataProperties.swift in Sources */,
				37B8EDCD20FA6EE500C3FDE0 /* OGData.swift in Sources */,
				37B8EDCE20FA6EE500C3FDE0 /* OGDataCacheManager.swift in Sources */,
				37B8EDCF20FA6EE500C3FDE0 /* OGDataCacheManagerProtocol.swift in Sources */,
				37B8EDD020FA6EE500C3FDE0 /* OGDataNoCacheManager.swift in Sources */,
				37B8EDD120FA6EE500C3FDE0 /* OGDataProvider.swift in Sources */,
				37B8EDD220FA6EE500C3FDE0 /* OGImageCacheManager.swift in Sources */,
				37B8EDD320FA6EE500C3FDE0 /* OGImageCacheManagerProtocol.swift in Sources */,
				37B8EDD420FA6EE500C3FDE0 /* OGImageProvider.swift in Sources */,
				37B8EDD520FA6EE500C3FDE0 /* OGRequest.swift in Sources */,
				37B8EDD620FA6EE500C3FDE0 /* OGSession.swift in Sources */,
				37B8EDD720FA6EE500C3FDE0 /* OpenGraph.Data.swift in Sources */,
				37B8EDD820FA6EE500C3FDE0 /* OpenGraph.HTML.swift in Sources */,
				37B8EDD920FA6EE500C3FDE0 /* OpenGraph.swift in Sources */,
				37B8EDDA20FA6EE500C3FDE0 /* OpenGraph.Youtube.swift in Sources */,
				37B8EDDB20FA6EE500C3FDE0 /* OpenGraphData.swift in Sources */,
				37B8EDDC20FA6EE500C3FDE0 /* OpenGraphDataDownloader.swift in Sources */,
				37B8EDDD20FA6EE500C3FDE0 /* URLEmbeddedView+Inspectable.swift in Sources */,
				37B8EDDE20FA6EE500C3FDE0 /* URLEmbeddedView.swift in Sources */,
				37B8EDDF20FA6EE500C3FDE0 /* URLEmbeddedViewOGData.xcdatamodeld in Sources */,
				37B8EDE020FA6EE500C3FDE0 /* URLEmbeddedViewPresenter.swift in Sources */,
				37B8EDE120FA6EE500C3FDE0 /* URLImageView.swift in Sources */,
				37B8EDE220FA6EE500C3FDE0 /* URLImageViewPresenter.swift in Sources */,
				37B8EDE320FA6EE500C3FDE0 /* YoutubeEmbedRequest.swift in Sources */,
			);
			runOnlyForDeploymentPostprocessing = 0;
		};
		ED602B641F42D4EB00A45816 /* Sources */ = {
			isa = PBXSourcesBuildPhase;
			buildActionMask = 2147483647;
			files = (
				3751D0841FBCA9840035E242 /* AttributedTextProvider.swift in Sources */,
				3751D0851FBCA9840035E242 /* AttributeManager.swift in Sources */,
				37B1938320FB08E200D2698C /* Lock.swift in Sources */,
				3751D0861FBCA9840035E242 /* AutoLayout.swift in Sources */,
				374CCA2020FA5BEF00682191 /* DataProtocol.swift in Sources */,
				374CCA1E20FA5A2300682191 /* FileManagerProtocol.swift in Sources */,
				3744376020F90CA2008ABA8D /* Gap.swift in Sources */,
				3751D0781FBCA9840035E242 /* HtmlRequest.swift in Sources */,
				3751D0791FBCA9840035E242 /* ImageRequest.swift in Sources */,
				3751D0871FBCA9840035E242 /* LinkIconView.swift in Sources */,
				3751D0751FBCA9840035E242 /* MD5.swift in Sources */,
				3751D0761FBCA9840035E242 /* NSTimeInterval+Util.swift in Sources */,
				3751D0771FBCA9840035E242 /* NSUserDefaults+URLEmbeddedView.swift in Sources */,
				374CCA1820FA520200682191 /* OGCacheData.swift in Sources */,
				3751D07E1FBCA9840035E242 /* OGData+CoreDataProperties.swift in Sources */,
				3751D07F1FBCA9840035E242 /* OGData.swift in Sources */,
				3751D0801FBCA9840035E242 /* OGDataCacheManager.swift in Sources */,
				374CCA1A20FA526500682191 /* OGDataCacheManagerProtocol.swift in Sources */,
				374CCA1C20FA532B00682191 /* OGDataNoCacheManager.swift in Sources */,
				3751D0811FBCA9840035E242 /* OGDataProvider.swift in Sources */,
				3751D0821FBCA9840035E242 /* OGImageCacheManager.swift in Sources */,
				374CCA2220FA5C4A00682191 /* OGImageCacheManagerProtocol.swift in Sources */,
				3751D0831FBCA9840035E242 /* OGImageProvider.swift in Sources */,
				3751D07A1FBCA9840035E242 /* OGRequest.swift in Sources */,
				3751D07B1FBCA9840035E242 /* OGSession.swift in Sources */,
				3744376920F90F76008ABA8D /* OpenGraph.Data.swift in Sources */,
				3744376520F90F4F008ABA8D /* OpenGraph.HTML.swift in Sources */,
				3744376320F90F37008ABA8D /* OpenGraph.swift in Sources */,
				3744376720F90F63008ABA8D /* OpenGraph.Youtube.swift in Sources */,
				3744376B20F90FAE008ABA8D /* OpenGraphData.swift in Sources */,
				3744377020F91859008ABA8D /* OpenGraphDataDownloader.swift in Sources */,
				3751D0881FBCA9840035E242 /* URLEmbeddedView+Inspectable.swift in Sources */,
				3751D0891FBCA9840035E242 /* URLEmbeddedView.swift in Sources */,
				37F9EA851F8A0CFB00858317 /* URLEmbeddedViewOGData.xcdatamodeld in Sources */,
				3744377420F9D24B008ABA8D /* URLEmbeddedViewPresenter.swift in Sources */,
				3751D08A1FBCA9840035E242 /* URLImageView.swift in Sources */,
				3744377220F9CD19008ABA8D /* URLImageViewPresenter.swift in Sources */,
				3751D07D1FBCA9840035E242 /* YoutubeEmbedRequest.swift in Sources */,
			);
			runOnlyForDeploymentPostprocessing = 0;
		};
/* End PBXSourcesBuildPhase section */

/* Begin XCBuildConfiguration section */
		37B8EDEA20FA6EE500C3FDE0 /* Debug */ = {
			isa = XCBuildConfiguration;
			buildSettings = {
				CLANG_ENABLE_MODULES = YES;
				CODE_SIGN_IDENTITY = "";
				CODE_SIGN_STYLE = Manual;
				DEFINES_MODULE = YES;
				DEVELOPMENT_TEAM = "";
				DYLIB_COMPATIBILITY_VERSION = 1;
				DYLIB_CURRENT_VERSION = 1;
				DYLIB_INSTALL_NAME_BASE = "@rpath";
				FRAMEWORK_SEARCH_PATHS = "$(inherited)";
				INFOPLIST_FILE = "$(SRCROOT)/Resources/Info-tvOS.plist";
				INSTALL_PATH = "$(LOCAL_LIBRARY_DIR)/Frameworks";
				IPHONEOS_DEPLOYMENT_TARGET = 9.0;
				LD_RUNPATH_SEARCH_PATHS = "$(inherited) @executable_path/Frameworks @loader_path/Frameworks";
				PRODUCT_BUNDLE_IDENTIFIER = "jp.marty-suzuki.URLEmbeddedView";
				PRODUCT_NAME = URLEmbeddedView;
				PROVISIONING_PROFILE_SPECIFIER = "";
				SDKROOT = appletvos;
				SKIP_INSTALL = YES;
				SWIFT_OPTIMIZATION_LEVEL = "-Onone";
				SWIFT_VERSION = 4.2;
				TARGETED_DEVICE_FAMILY = 3;
				TVOS_DEPLOYMENT_TARGET = 10.0;
			};
			name = Debug;
		};
		37B8EDEB20FA6EE500C3FDE0 /* Release */ = {
			isa = XCBuildConfiguration;
			buildSettings = {
				CLANG_ENABLE_MODULES = YES;
				CODE_SIGN_IDENTITY = "";
				CODE_SIGN_STYLE = Manual;
				DEFINES_MODULE = YES;
				DEVELOPMENT_TEAM = "";
				DYLIB_COMPATIBILITY_VERSION = 1;
				DYLIB_CURRENT_VERSION = 1;
				DYLIB_INSTALL_NAME_BASE = "@rpath";
				FRAMEWORK_SEARCH_PATHS = "$(inherited)";
				INFOPLIST_FILE = "$(SRCROOT)/Resources/Info-tvOS.plist";
				INSTALL_PATH = "$(LOCAL_LIBRARY_DIR)/Frameworks";
				IPHONEOS_DEPLOYMENT_TARGET = 9.0;
				LD_RUNPATH_SEARCH_PATHS = "$(inherited) @executable_path/Frameworks @loader_path/Frameworks";
				PRODUCT_BUNDLE_IDENTIFIER = "jp.marty-suzuki.URLEmbeddedView";
				PRODUCT_NAME = URLEmbeddedView;
				PROVISIONING_PROFILE_SPECIFIER = "";
				SDKROOT = appletvos;
				SKIP_INSTALL = YES;
				SWIFT_VERSION = 4.2;
				TARGETED_DEVICE_FAMILY = 3;
				TVOS_DEPLOYMENT_TARGET = 10.0;
			};
			name = Release;
		};
		ED602B6F1F42D4EB00A45816 /* Debug */ = {
			isa = XCBuildConfiguration;
			buildSettings = {
				ALWAYS_SEARCH_USER_PATHS = NO;
				CLANG_ANALYZER_NONNULL = YES;
				CLANG_ANALYZER_NUMBER_OBJECT_CONVERSION = YES_AGGRESSIVE;
				CLANG_CXX_LANGUAGE_STANDARD = "gnu++0x";
				CLANG_CXX_LIBRARY = "libc++";
				CLANG_ENABLE_MODULES = YES;
				CLANG_ENABLE_OBJC_ARC = YES;
				CLANG_WARN_BLOCK_CAPTURE_AUTORELEASING = YES;
				CLANG_WARN_BOOL_CONVERSION = YES;
				CLANG_WARN_COMMA = YES;
				CLANG_WARN_CONSTANT_CONVERSION = YES;
				CLANG_WARN_DEPRECATED_OBJC_IMPLEMENTATIONS = YES;
				CLANG_WARN_DIRECT_OBJC_ISA_USAGE = YES_ERROR;
				CLANG_WARN_DOCUMENTATION_COMMENTS = YES;
				CLANG_WARN_EMPTY_BODY = YES;
				CLANG_WARN_ENUM_CONVERSION = YES;
				CLANG_WARN_INFINITE_RECURSION = YES;
				CLANG_WARN_INT_CONVERSION = YES;
				CLANG_WARN_NON_LITERAL_NULL_CONVERSION = YES;
				CLANG_WARN_OBJC_IMPLICIT_RETAIN_SELF = YES;
				CLANG_WARN_OBJC_LITERAL_CONVERSION = YES;
				CLANG_WARN_OBJC_ROOT_CLASS = YES_ERROR;
				CLANG_WARN_RANGE_LOOP_ANALYSIS = YES;
				CLANG_WARN_STRICT_PROTOTYPES = YES;
				CLANG_WARN_SUSPICIOUS_MOVE = YES;
				CLANG_WARN_UNREACHABLE_CODE = YES;
				CLANG_WARN__DUPLICATE_METHOD_MATCH = YES;
				"CODE_SIGN_IDENTITY[sdk=iphoneos*]" = "iPhone Developer";
				COPY_PHASE_STRIP = NO;
				CURRENT_PROJECT_VERSION = 1;
				DEBUG_INFORMATION_FORMAT = dwarf;
				ENABLE_STRICT_OBJC_MSGSEND = YES;
				ENABLE_TESTABILITY = YES;
				GCC_C_LANGUAGE_STANDARD = gnu99;
				GCC_DYNAMIC_NO_PIC = NO;
				GCC_NO_COMMON_BLOCKS = YES;
				GCC_OPTIMIZATION_LEVEL = 0;
				GCC_PREPROCESSOR_DEFINITIONS = (
					"DEBUG=1",
					"$(inherited)",
				);
				GCC_WARN_64_TO_32_BIT_CONVERSION = YES;
				GCC_WARN_ABOUT_RETURN_TYPE = YES_ERROR;
				GCC_WARN_UNDECLARED_SELECTOR = YES;
				GCC_WARN_UNINITIALIZED_AUTOS = YES_AGGRESSIVE;
				GCC_WARN_UNUSED_FUNCTION = YES;
				GCC_WARN_UNUSED_VARIABLE = YES;
				HEADER_SEARCH_PATHS = "$(SDKROOT)/usr/include/libxml2";
				IPHONEOS_DEPLOYMENT_TARGET = 10.3;
				MTL_ENABLE_DEBUG_INFO = YES;
				ONLY_ACTIVE_ARCH = YES;
				SDKROOT = iphoneos;
				SWIFT_ACTIVE_COMPILATION_CONDITIONS = DEBUG;
				SWIFT_OPTIMIZATION_LEVEL = "-Onone";
				TARGETED_DEVICE_FAMILY = "1,2";
				VERSIONING_SYSTEM = "apple-generic";
				VERSION_INFO_PREFIX = "";
			};
			name = Debug;
		};
		ED602B701F42D4EB00A45816 /* Release */ = {
			isa = XCBuildConfiguration;
			buildSettings = {
				ALWAYS_SEARCH_USER_PATHS = NO;
				CLANG_ANALYZER_NONNULL = YES;
				CLANG_ANALYZER_NUMBER_OBJECT_CONVERSION = YES_AGGRESSIVE;
				CLANG_CXX_LANGUAGE_STANDARD = "gnu++0x";
				CLANG_CXX_LIBRARY = "libc++";
				CLANG_ENABLE_MODULES = YES;
				CLANG_ENABLE_OBJC_ARC = YES;
				CLANG_WARN_BLOCK_CAPTURE_AUTORELEASING = YES;
				CLANG_WARN_BOOL_CONVERSION = YES;
				CLANG_WARN_COMMA = YES;
				CLANG_WARN_CONSTANT_CONVERSION = YES;
				CLANG_WARN_DEPRECATED_OBJC_IMPLEMENTATIONS = YES;
				CLANG_WARN_DIRECT_OBJC_ISA_USAGE = YES_ERROR;
				CLANG_WARN_DOCUMENTATION_COMMENTS = YES;
				CLANG_WARN_EMPTY_BODY = YES;
				CLANG_WARN_ENUM_CONVERSION = YES;
				CLANG_WARN_INFINITE_RECURSION = YES;
				CLANG_WARN_INT_CONVERSION = YES;
				CLANG_WARN_NON_LITERAL_NULL_CONVERSION = YES;
				CLANG_WARN_OBJC_IMPLICIT_RETAIN_SELF = YES;
				CLANG_WARN_OBJC_LITERAL_CONVERSION = YES;
				CLANG_WARN_OBJC_ROOT_CLASS = YES_ERROR;
				CLANG_WARN_RANGE_LOOP_ANALYSIS = YES;
				CLANG_WARN_STRICT_PROTOTYPES = YES;
				CLANG_WARN_SUSPICIOUS_MOVE = YES;
				CLANG_WARN_UNREACHABLE_CODE = YES;
				CLANG_WARN__DUPLICATE_METHOD_MATCH = YES;
				"CODE_SIGN_IDENTITY[sdk=iphoneos*]" = "iPhone Developer";
				COPY_PHASE_STRIP = NO;
				CURRENT_PROJECT_VERSION = 1;
				DEBUG_INFORMATION_FORMAT = "dwarf-with-dsym";
				ENABLE_NS_ASSERTIONS = NO;
				ENABLE_STRICT_OBJC_MSGSEND = YES;
				GCC_C_LANGUAGE_STANDARD = gnu99;
				GCC_NO_COMMON_BLOCKS = YES;
				GCC_WARN_64_TO_32_BIT_CONVERSION = YES;
				GCC_WARN_ABOUT_RETURN_TYPE = YES_ERROR;
				GCC_WARN_UNDECLARED_SELECTOR = YES;
				GCC_WARN_UNINITIALIZED_AUTOS = YES_AGGRESSIVE;
				GCC_WARN_UNUSED_FUNCTION = YES;
				GCC_WARN_UNUSED_VARIABLE = YES;
				HEADER_SEARCH_PATHS = "$(SDKROOT)/usr/include/libxml2";
				IPHONEOS_DEPLOYMENT_TARGET = 10.3;
				MTL_ENABLE_DEBUG_INFO = NO;
				SDKROOT = iphoneos;
				SWIFT_OPTIMIZATION_LEVEL = "-Owholemodule";
				TARGETED_DEVICE_FAMILY = "1,2";
				VALIDATE_PRODUCT = YES;
				VERSIONING_SYSTEM = "apple-generic";
				VERSION_INFO_PREFIX = "";
			};
			name = Release;
		};
		ED602B721F42D4EB00A45816 /* Debug */ = {
			isa = XCBuildConfiguration;
			buildSettings = {
				CLANG_ENABLE_MODULES = YES;
				CODE_SIGN_IDENTITY = "";
				CODE_SIGN_STYLE = Manual;
				DEFINES_MODULE = YES;
				DEVELOPMENT_TEAM = "";
				DYLIB_COMPATIBILITY_VERSION = 1;
				DYLIB_CURRENT_VERSION = 1;
				DYLIB_INSTALL_NAME_BASE = "@rpath";
				FRAMEWORK_SEARCH_PATHS = "$(inherited)";
				INFOPLIST_FILE = "$(SRCROOT)/Resources/Info-iOS.plist";
				INSTALL_PATH = "$(LOCAL_LIBRARY_DIR)/Frameworks";
				IPHONEOS_DEPLOYMENT_TARGET = 8.0;
				LD_RUNPATH_SEARCH_PATHS = "$(inherited) @executable_path/Frameworks @loader_path/Frameworks";
				PRODUCT_BUNDLE_IDENTIFIER = "jp.marty-suzuki.URLEmbeddedView";
				PRODUCT_NAME = URLEmbeddedView;
				PROVISIONING_PROFILE_SPECIFIER = "";
				SKIP_INSTALL = YES;
				SWIFT_OPTIMIZATION_LEVEL = "-Onone";
				SWIFT_VERSION = 4.2;
			};
			name = Debug;
		};
		ED602B731F42D4EB00A45816 /* Release */ = {
			isa = XCBuildConfiguration;
			buildSettings = {
				CLANG_ENABLE_MODULES = YES;
				CODE_SIGN_IDENTITY = "";
				CODE_SIGN_STYLE = Manual;
				DEFINES_MODULE = YES;
				DEVELOPMENT_TEAM = "";
				DYLIB_COMPATIBILITY_VERSION = 1;
				DYLIB_CURRENT_VERSION = 1;
				DYLIB_INSTALL_NAME_BASE = "@rpath";
				FRAMEWORK_SEARCH_PATHS = "$(inherited)";
				INFOPLIST_FILE = "$(SRCROOT)/Resources/Info-iOS.plist";
				INSTALL_PATH = "$(LOCAL_LIBRARY_DIR)/Frameworks";
				IPHONEOS_DEPLOYMENT_TARGET = 8.0;
				LD_RUNPATH_SEARCH_PATHS = "$(inherited) @executable_path/Frameworks @loader_path/Frameworks";
				PRODUCT_BUNDLE_IDENTIFIER = "jp.marty-suzuki.URLEmbeddedView";
				PRODUCT_NAME = URLEmbeddedView;
				PROVISIONING_PROFILE_SPECIFIER = "";
				SKIP_INSTALL = YES;
				SWIFT_VERSION = 4.2;
			};
			name = Release;
		};
/* End XCBuildConfiguration section */

/* Begin XCConfigurationList section */
		37B8EDE920FA6EE500C3FDE0 /* Build configuration list for PBXNativeTarget "URLEmbeddedView-tvOS" */ = {
			isa = XCConfigurationList;
			buildConfigurations = (
				37B8EDEA20FA6EE500C3FDE0 /* Debug */,
				37B8EDEB20FA6EE500C3FDE0 /* Release */,
			);
			defaultConfigurationIsVisible = 0;
			defaultConfigurationName = Release;
		};
		ED602B631F42D4EB00A45816 /* Build configuration list for PBXProject "URLEmbeddedView" */ = {
			isa = XCConfigurationList;
			buildConfigurations = (
				ED602B6F1F42D4EB00A45816 /* Debug */,
				ED602B701F42D4EB00A45816 /* Release */,
			);
			defaultConfigurationIsVisible = 0;
			defaultConfigurationName = Release;
		};
		ED602B711F42D4EB00A45816 /* Build configuration list for PBXNativeTarget "URLEmbeddedView-iOS" */ = {
			isa = XCConfigurationList;
			buildConfigurations = (
				ED602B721F42D4EB00A45816 /* Debug */,
				ED602B731F42D4EB00A45816 /* Release */,
			);
			defaultConfigurationIsVisible = 0;
			defaultConfigurationName = Release;
		};
/* End XCConfigurationList section */

/* Begin XCVersionGroup section */
		37F9EA811F8A0CFB00858317 /* URLEmbeddedViewOGData.xcdatamodeld */ = {
			isa = XCVersionGroup;
			children = (
				37F9EA821F8A0CFB00858317 /* URLEmbeddedViewOGData.xcdatamodel */,
				37F9EA831F8A0CFB00858317 /* URLEmbeddedViewOGData2.xcdatamodel */,
			);
			currentVersion = 37F9EA831F8A0CFB00858317 /* URLEmbeddedViewOGData2.xcdatamodel */;
			path = URLEmbeddedViewOGData.xcdatamodeld;
			sourceTree = "<group>";
			versionGroupType = wrapper.xcdatamodel;
		};
/* End XCVersionGroup section */
	};
	rootObject = ED602B601F42D4EB00A45816 /* Project object */;
}
