PODS:
  - Kanna (1.0.5)
  - MisterFusion (1.0.0)
  - URLEmbeddedView (0.1.0):
    - Kanna (~> 1.0)
    - MisterFusion

DEPENDENCIES:
  - URLEmbeddedView (from `../`)

EXTERNAL SOURCES:
  URLEmbeddedView:
    :path: "../"

SPEC CHECKSUMS:
  Kanna: 1df5cd995dc1f3a282e3dcf7521cfef2f069ac4d
  MisterFusion: 8bed489f6c4cfb3572efaa660a353019a5b4dd61
  URLEmbeddedView: f6d876eefb14ce443b8d48f7444e9953936f054c

COCOAPODS: 0.39.0
