// !$*UTF8*$!
{
	archiveVersion = 1;
	classes = {
	};
	objectVersion = 48;
	objects = {

/* Begin PBXBuildFile section */
		37AA37B720FA68D800F59320 /* AppDelegate.swift in Sources */ = {isa = PBXBuildFile; fileRef = 37AA37B620FA68D800F59320 /* AppDelegate.swift */; };
		37AA37BC20FA68D800F59320 /* Main.storyboard in Resources */ = {isa = PBXBuildFile; fileRef = 37AA37BA20FA68D800F59320 /* Main.storyboard */; };
		37AA37BE20FA68D800F59320 /* Assets.xcassets in Resources */ = {isa = PBXBuildFile; fileRef = 37AA37BD20FA68D800F59320 /* Assets.xcassets */; };
		37AA37C120FA68D800F59320 /* LaunchScreen.storyboard in Resources */ = {isa = PBXBuildFile; fileRef = 37AA37BF20FA68D800F59320 /* LaunchScreen.storyboard */; };
		37AA37D020FA690C00F59320 /* OGListCell.swift in Sources */ = {isa = PBXBuildFile; fileRef = 37AA37C920FA690C00F59320 /* OGListCell.swift */; };
		37AA37D120FA690C00F59320 /* OGSampleViewController.swift in Sources */ = {isa = PBXBuildFile; fileRef = 37AA37CA20FA690C00F59320 /* OGSampleViewController.swift */; };
		37AA37D220FA690C00F59320 /* OGListViewController.swift in Sources */ = {isa = PBXBuildFile; fileRef = 37AA37CC20FA690C00F59320 /* OGListViewController.swift */; };
		37AA37D320FA690C00F59320 /* OGObjcSampleViewController.m in Sources */ = {isa = PBXBuildFile; fileRef = 37AA37CD20FA690C00F59320 /* OGObjcSampleViewController.m */; };
		37AA37D420FA690C00F59320 /* OGListCell.xib in Resources */ = {isa = PBXBuildFile; fileRef = 37AA37CE20FA690C00F59320 /* OGListCell.xib */; };
		37AA37D820FA697700F59320 /* URLEmbeddedView.framework in Frameworks */ = {isa = PBXBuildFile; fileRef = 37AA37D720FA696C00F59320 /* URLEmbeddedView.framework */; };
		37AA37D920FA697700F59320 /* URLEmbeddedView.framework in Embed Frameworks */ = {isa = PBXBuildFile; fileRef = 37AA37D720FA696C00F59320 /* URLEmbeddedView.framework */; settings = {ATTRIBUTES = (CodeSignOnCopy, RemoveHeadersOnCopy, ); }; };
		37AA37DD20FA6D4500F59320 /* MisterFusion.framework in Frameworks */ = {isa = PBXBuildFile; fileRef = 37AA37DB20FA6D4400F59320 /* MisterFusion.framework */; };
		37AA37DE20FA6D4500F59320 /* NoticeObserveKit.framework in Frameworks */ = {isa = PBXBuildFile; fileRef = 37AA37DC20FA6D4400F59320 /* NoticeObserveKit.framework */; };
/* End PBXBuildFile section */

/* Begin PBXCopyFilesBuildPhase section */
		37AA37DA20FA697700F59320 /* Embed Frameworks */ = {
			isa = PBXCopyFilesBuildPhase;
			buildActionMask = 2147483647;
			dstPath = "";
			dstSubfolderSpec = 10;
			files = (
				37AA37D920FA697700F59320 /* URLEmbeddedView.framework in Embed Frameworks */,
			);
			name = "Embed Frameworks";
			runOnlyForDeploymentPostprocessing = 0;
		};
/* End PBXCopyFilesBuildPhase section */

/* Begin PBXFileReference section */
		37AA37B320FA68D800F59320 /* URLEmbeddedViewSample.app */ = {isa = PBXFileReference; explicitFileType = wrapper.application; includeInIndex = 0; path = URLEmbeddedViewSample.app; sourceTree = BUILT_PRODUCTS_DIR; };
		37AA37B620FA68D800F59320 /* AppDelegate.swift */ = {isa = PBXFileReference; lastKnownFileType = sourcecode.swift; path = AppDelegate.swift; sourceTree = "<group>"; };
		37AA37BB20FA68D800F59320 /* Base */ = {isa = PBXFileReference; lastKnownFileType = file.storyboard; name = Base; path = Base.lproj/Main.storyboard; sourceTree = "<group>"; };
		37AA37BD20FA68D800F59320 /* Assets.xcassets */ = {isa = PBXFileReference; lastKnownFileType = folder.assetcatalog; path = Assets.xcassets; sourceTree = "<group>"; };
		37AA37C020FA68D800F59320 /* Base */ = {isa = PBXFileReference; lastKnownFileType = file.storyboard; name = Base; path = Base.lproj/LaunchScreen.storyboard; sourceTree = "<group>"; };
		37AA37C220FA68D800F59320 /* Info.plist */ = {isa = PBXFileReference; lastKnownFileType = text.plist.xml; path = Info.plist; sourceTree = "<group>"; };
		37AA37C920FA690C00F59320 /* OGListCell.swift */ = {isa = PBXFileReference; fileEncoding = 4; lastKnownFileType = sourcecode.swift; path = OGListCell.swift; sourceTree = "<group>"; };
		37AA37CA20FA690C00F59320 /* OGSampleViewController.swift */ = {isa = PBXFileReference; fileEncoding = 4; lastKnownFileType = sourcecode.swift; path = OGSampleViewController.swift; sourceTree = "<group>"; };
		37AA37CB20FA690C00F59320 /* OGObjcSampleViewController.h */ = {isa = PBXFileReference; fileEncoding = 4; lastKnownFileType = sourcecode.c.h; path = OGObjcSampleViewController.h; sourceTree = "<group>"; };
		37AA37CC20FA690C00F59320 /* OGListViewController.swift */ = {isa = PBXFileReference; fileEncoding = 4; lastKnownFileType = sourcecode.swift; path = OGListViewController.swift; sourceTree = "<group>"; };
		37AA37CD20FA690C00F59320 /* OGObjcSampleViewController.m */ = {isa = PBXFileReference; fileEncoding = 4; lastKnownFileType = sourcecode.c.objc; path = OGObjcSampleViewController.m; sourceTree = "<group>"; };
		37AA37CE20FA690C00F59320 /* OGListCell.xib */ = {isa = PBXFileReference; fileEncoding = 4; lastKnownFileType = file.xib; path = OGListCell.xib; sourceTree = "<group>"; };
		37AA37CF20FA690C00F59320 /* URLEmbeddedViewSample-Bridging-Header.h */ = {isa = PBXFileReference; fileEncoding = 4; lastKnownFileType = sourcecode.c.h; path = "URLEmbeddedViewSample-Bridging-Header.h"; sourceTree = "<group>"; };
		37AA37D720FA696C00F59320 /* URLEmbeddedView.framework */ = {isa = PBXFileReference; explicitFileType = wrapper.framework; path = URLEmbeddedView.framework; sourceTree = BUILT_PRODUCTS_DIR; };
		37AA37DB20FA6D4400F59320 /* MisterFusion.framework */ = {isa = PBXFileReference; lastKnownFileType = wrapper.framework; name = MisterFusion.framework; path = Carthage/Build/iOS/MisterFusion.framework; sourceTree = "<group>"; };
		37AA37DC20FA6D4400F59320 /* NoticeObserveKit.framework */ = {isa = PBXFileReference; lastKnownFileType = wrapper.framework; name = NoticeObserveKit.framework; path = Carthage/Build/iOS/NoticeObserveKit.framework; sourceTree = "<group>"; };
/* End PBXFileReference section */

/* Begin PBXFrameworksBuildPhase section */
		37AA37B020FA68D800F59320 /* Frameworks */ = {
			isa = PBXFrameworksBuildPhase;
			buildActionMask = 2147483647;
			files = (
				37AA37DD20FA6D4500F59320 /* MisterFusion.framework in Frameworks */,
				37AA37DE20FA6D4500F59320 /* NoticeObserveKit.framework in Frameworks */,
				37AA37D820FA697700F59320 /* URLEmbeddedView.framework in Frameworks */,
			);
			runOnlyForDeploymentPostprocessing = 0;
		};
/* End PBXFrameworksBuildPhase section */

/* Begin PBXGroup section */
		37AA37AA20FA68D800F59320 = {
			isa = PBXGroup;
			children = (
				37AA37D520FA696C00F59320 /* Frameworks */,
				37AA37B420FA68D800F59320 /* Products */,
				37AA37B520FA68D800F59320 /* URLEmbeddedViewSample */,
			);
			sourceTree = "<group>";
		};
		37AA37B420FA68D800F59320 /* Products */ = {
			isa = PBXGroup;
			children = (
				37AA37B320FA68D800F59320 /* URLEmbeddedViewSample.app */,
			);
			name = Products;
			sourceTree = "<group>";
		};
		37AA37B520FA68D800F59320 /* URLEmbeddedViewSample */ = {
			isa = PBXGroup;
			children = (
				37AA37B620FA68D800F59320 /* AppDelegate.swift */,
				37AA37BD20FA68D800F59320 /* Assets.xcassets */,
				37AA37C220FA68D800F59320 /* Info.plist */,
				37AA37BF20FA68D800F59320 /* LaunchScreen.storyboard */,
				37AA37BA20FA68D800F59320 /* Main.storyboard */,
				37AA37C920FA690C00F59320 /* OGListCell.swift */,
				37AA37CE20FA690C00F59320 /* OGListCell.xib */,
				37AA37CC20FA690C00F59320 /* OGListViewController.swift */,
				37AA37CB20FA690C00F59320 /* OGObjcSampleViewController.h */,
				37AA37CD20FA690C00F59320 /* OGObjcSampleViewController.m */,
				37AA37CA20FA690C00F59320 /* OGSampleViewController.swift */,
				37AA37CF20FA690C00F59320 /* URLEmbeddedViewSample-Bridging-Header.h */,
			);
			path = URLEmbeddedViewSample;
			sourceTree = "<group>";
		};
		37AA37D520FA696C00F59320 /* Frameworks */ = {
			isa = PBXGroup;
			children = (
				37AA37DB20FA6D4400F59320 /* MisterFusion.framework */,
				37AA37DC20FA6D4400F59320 /* NoticeObserveKit.framework */,
				37AA37D720FA696C00F59320 /* URLEmbeddedView.framework */,
			);
			name = Frameworks;
			sourceTree = "<group>";
		};
/* End PBXGroup section */

/* Begin PBXNativeTarget section */
		37AA37B220FA68D800F59320 /* URLEmbeddedViewSample */ = {
			isa = PBXNativeTarget;
			buildConfigurationList = 37AA37C520FA68D800F59320 /* Build configuration list for PBXNativeTarget "URLEmbeddedViewSample" */;
			buildPhases = (
				37AA37AF20FA68D800F59320 /* Sources */,
				37AA37B020FA68D800F59320 /* Frameworks */,
				37AA37B120FA68D800F59320 /* Resources */,
				37AA37DA20FA697700F59320 /* Embed Frameworks */,
				37B8EDBC20FA6DA100C3FDE0 /* ShellScript */,
			);
			buildRules = (
			);
			dependencies = (
			);
			name = URLEmbeddedViewSample;
			productName = URLEmbeddedViewSample;
			productReference = 37AA37B320FA68D800F59320 /* URLEmbeddedViewSample.app */;
			productType = "com.apple.product-type.application";
		};
/* End PBXNativeTarget section */

/* Begin PBXProject section */
		37AA37AB20FA68D800F59320 /* Project object */ = {
			isa = PBXProject;
			attributes = {
				LastSwiftUpdateCheck = 0900;
				LastUpgradeCheck = 0940;
				ORGANIZATIONNAME = "marty-suzuki";
				TargetAttributes = {
					37AA37B220FA68D800F59320 = {
						CreatedOnToolsVersion = 9.0;
						LastSwiftMigration = 1000;
						ProvisioningStyle = Manual;
					};
				};
			};
			buildConfigurationList = 37AA37AE20FA68D800F59320 /* Build configuration list for PBXProject "URLEmbeddedViewSample" */;
			compatibilityVersion = "Xcode 8.0";
			developmentRegion = en;
			hasScannedForEncodings = 0;
			knownRegions = (
				en,
				Base,
			);
			mainGroup = 37AA37AA20FA68D800F59320;
			productRefGroup = 37AA37B420FA68D800F59320 /* Products */;
			projectDirPath = "";
			projectRoot = "";
			targets = (
				37AA37B220FA68D800F59320 /* URLEmbeddedViewSample */,
			);
		};
/* End PBXProject section */

/* Begin PBXResourcesBuildPhase section */
		37AA37B120FA68D800F59320 /* Resources */ = {
			isa = PBXResourcesBuildPhase;
			buildActionMask = 2147483647;
			files = (
				37AA37BE20FA68D800F59320 /* Assets.xcassets in Resources */,
				37AA37C120FA68D800F59320 /* LaunchScreen.storyboard in Resources */,
				37AA37BC20FA68D800F59320 /* Main.storyboard in Resources */,
				37AA37D420FA690C00F59320 /* OGListCell.xib in Resources */,
			);
			runOnlyForDeploymentPostprocessing = 0;
		};
/* End PBXResourcesBuildPhase section */

/* Begin PBXShellScriptBuildPhase section */
		37B8EDBC20FA6DA100C3FDE0 /* ShellScript */ = {
			isa = PBXShellScriptBuildPhase;
			buildActionMask = 2147483647;
			files = (
			);
			inputPaths = (
				"$(SRCROOT)/Carthage/Build/iOS/MisterFusion.framework",
				"$(SRCROOT)/Carthage/Build/iOS/NoticeObserveKit.framework",
			);
			outputPaths = (
			);
			runOnlyForDeploymentPostprocessing = 0;
			shellPath = /bin/sh;
			shellScript = "/usr/local/bin/carthage copy-frameworks";
		};
/* End PBXShellScriptBuildPhase section */

/* Begin PBXSourcesBuildPhase section */
		37AA37AF20FA68D800F59320 /* Sources */ = {
			isa = PBXSourcesBuildPhase;
			buildActionMask = 2147483647;
			files = (
				37AA37B720FA68D800F59320 /* AppDelegate.swift in Sources */,
				37AA37D020FA690C00F59320 /* OGListCell.swift in Sources */,
				37AA37D220FA690C00F59320 /* OGListViewController.swift in Sources */,
				37AA37D320FA690C00F59320 /* OGObjcSampleViewController.m in Sources */,
				37AA37D120FA690C00F59320 /* OGSampleViewController.swift in Sources */,
			);
			runOnlyForDeploymentPostprocessing = 0;
		};
/* End PBXSourcesBuildPhase section */

/* Begin PBXVariantGroup section */
		37AA37BA20FA68D800F59320 /* Main.storyboard */ = {
			isa = PBXVariantGroup;
			children = (
				37AA37BB20FA68D800F59320 /* Base */,
			);
			name = Main.storyboard;
			sourceTree = "<group>";
		};
		37AA37BF20FA68D800F59320 /* LaunchScreen.storyboard */ = {
			isa = PBXVariantGroup;
			children = (
				37AA37C020FA68D800F59320 /* Base */,
			);
			name = LaunchScreen.storyboard;
			sourceTree = "<group>";
		};
/* End PBXVariantGroup section */

/* Begin XCBuildConfiguration section */
		37AA37C320FA68D800F59320 /* Debug */ = {
			isa = XCBuildConfiguration;
			buildSettings = {
				ALWAYS_SEARCH_USER_PATHS = NO;
				CLANG_ANALYZER_NONNULL = YES;
				CLANG_ANALYZER_NUMBER_OBJECT_CONVERSION = YES_AGGRESSIVE;
				CLANG_CXX_LANGUAGE_STANDARD = "gnu++14";
				CLANG_CXX_LIBRARY = "libc++";
				CLANG_ENABLE_MODULES = YES;
				CLANG_ENABLE_OBJC_ARC = YES;
				CLANG_WARN_BLOCK_CAPTURE_AUTORELEASING = YES;
				CLANG_WARN_BOOL_CONVERSION = YES;
				CLANG_WARN_COMMA = YES;
				CLANG_WARN_CONSTANT_CONVERSION = YES;
				CLANG_WARN_DEPRECATED_OBJC_IMPLEMENTATIONS = YES;
				CLANG_WARN_DIRECT_OBJC_ISA_USAGE = YES_ERROR;
				CLANG_WARN_DOCUMENTATION_COMMENTS = YES;
				CLANG_WARN_EMPTY_BODY = YES;
				CLANG_WARN_ENUM_CONVERSION = YES;
				CLANG_WARN_INFINITE_RECURSION = YES;
				CLANG_WARN_INT_CONVERSION = YES;
				CLANG_WARN_NON_LITERAL_NULL_CONVERSION = YES;
				CLANG_WARN_OBJC_IMPLICIT_RETAIN_SELF = YES;
				CLANG_WARN_OBJC_LITERAL_CONVERSION = YES;
				CLANG_WARN_OBJC_ROOT_CLASS = YES_ERROR;
				CLANG_WARN_RANGE_LOOP_ANALYSIS = YES;
				CLANG_WARN_STRICT_PROTOTYPES = YES;
				CLANG_WARN_SUSPICIOUS_MOVE = YES;
				CLANG_WARN_UNGUARDED_AVAILABILITY = YES_AGGRESSIVE;
				CLANG_WARN_UNREACHABLE_CODE = YES;
				CLANG_WARN__DUPLICATE_METHOD_MATCH = YES;
				CODE_SIGN_IDENTITY = "iPhone Developer";
				COPY_PHASE_STRIP = NO;
				DEBUG_INFORMATION_FORMAT = dwarf;
				ENABLE_STRICT_OBJC_MSGSEND = YES;
				ENABLE_TESTABILITY = YES;
				GCC_C_LANGUAGE_STANDARD = gnu11;
				GCC_DYNAMIC_NO_PIC = NO;
				GCC_NO_COMMON_BLOCKS = YES;
				GCC_OPTIMIZATION_LEVEL = 0;
				GCC_PREPROCESSOR_DEFINITIONS = (
					"DEBUG=1",
					"$(inherited)",
				);
				GCC_WARN_64_TO_32_BIT_CONVERSION = YES;
				GCC_WARN_ABOUT_RETURN_TYPE = YES_ERROR;
				GCC_WARN_UNDECLARED_SELECTOR = YES;
				GCC_WARN_UNINITIALIZED_AUTOS = YES_AGGRESSIVE;
				GCC_WARN_UNUSED_FUNCTION = YES;
				GCC_WARN_UNUSED_VARIABLE = YES;
				IPHONEOS_DEPLOYMENT_TARGET = 11.0;
				MTL_ENABLE_DEBUG_INFO = YES;
				ONLY_ACTIVE_ARCH = YES;
				SDKROOT = iphoneos;
				SWIFT_ACTIVE_COMPILATION_CONDITIONS = DEBUG;
				SWIFT_OPTIMIZATION_LEVEL = "-Onone";
			};
			name = Debug;
		};
		37AA37C420FA68D800F59320 /* Release */ = {
			isa = XCBuildConfiguration;
			buildSettings = {
				ALWAYS_SEARCH_USER_PATHS = NO;
				CLANG_ANALYZER_NONNULL = YES;
				CLANG_ANALYZER_NUMBER_OBJECT_CONVERSION = YES_AGGRESSIVE;
				CLANG_CXX_LANGUAGE_STANDARD = "gnu++14";
				CLANG_CXX_LIBRARY = "libc++";
				CLANG_ENABLE_MODULES = YES;
				CLANG_ENABLE_OBJC_ARC = YES;
				CLANG_WARN_BLOCK_CAPTURE_AUTORELEASING = YES;
				CLANG_WARN_BOOL_CONVERSION = YES;
				CLANG_WARN_COMMA = YES;
				CLANG_WARN_CONSTANT_CONVERSION = YES;
				CLANG_WARN_DEPRECATED_OBJC_IMPLEMENTATIONS = YES;
				CLANG_WARN_DIRECT_OBJC_ISA_USAGE = YES_ERROR;
				CLANG_WARN_DOCUMENTATION_COMMENTS = YES;
				CLANG_WARN_EMPTY_BODY = YES;
				CLANG_WARN_ENUM_CONVERSION = YES;
				CLANG_WARN_INFINITE_RECURSION = YES;
				CLANG_WARN_INT_CONVERSION = YES;
				CLANG_WARN_NON_LITERAL_NULL_CONVERSION = YES;
				CLANG_WARN_OBJC_IMPLICIT_RETAIN_SELF = YES;
				CLANG_WARN_OBJC_LITERAL_CONVERSION = YES;
				CLANG_WARN_OBJC_ROOT_CLASS = YES_ERROR;
				CLANG_WARN_RANGE_LOOP_ANALYSIS = YES;
				CLANG_WARN_STRICT_PROTOTYPES = YES;
				CLANG_WARN_SUSPICIOUS_MOVE = YES;
				CLANG_WARN_UNGUARDED_AVAILABILITY = YES_AGGRESSIVE;
				CLANG_WARN_UNREACHABLE_CODE = YES;
				CLANG_WARN__DUPLICATE_METHOD_MATCH = YES;
				CODE_SIGN_IDENTITY = "iPhone Developer";
				COPY_PHASE_STRIP = NO;
				DEBUG_INFORMATION_FORMAT = "dwarf-with-dsym";
				ENABLE_NS_ASSERTIONS = NO;
				ENABLE_STRICT_OBJC_MSGSEND = YES;
				GCC_C_LANGUAGE_STANDARD = gnu11;
				GCC_NO_COMMON_BLOCKS = YES;
				GCC_WARN_64_TO_32_BIT_CONVERSION = YES;
				GCC_WARN_ABOUT_RETURN_TYPE = YES_ERROR;
				GCC_WARN_UNDECLARED_SELECTOR = YES;
				GCC_WARN_UNINITIALIZED_AUTOS = YES_AGGRESSIVE;
				GCC_WARN_UNUSED_FUNCTION = YES;
				GCC_WARN_UNUSED_VARIABLE = YES;
				IPHONEOS_DEPLOYMENT_TARGET = 11.0;
				MTL_ENABLE_DEBUG_INFO = NO;
				SDKROOT = iphoneos;
				SWIFT_OPTIMIZATION_LEVEL = "-Owholemodule";
				VALIDATE_PRODUCT = YES;
			};
			name = Release;
		};
		37AA37C620FA68D800F59320 /* Debug */ = {
			isa = XCBuildConfiguration;
			buildSettings = {
				ASSETCATALOG_COMPILER_APPICON_NAME = AppIcon;
				CLANG_ENABLE_MODULES = YES;
				CODE_SIGN_STYLE = Manual;
				DEVELOPMENT_TEAM = "";
				FRAMEWORK_SEARCH_PATHS = (
					"$(inherited)",
					"$(PROJECT_DIR)/Carthage/Build/iOS",
				);
				INFOPLIST_FILE = URLEmbeddedViewSample/Info.plist;
				IPHONEOS_DEPLOYMENT_TARGET = 9.0;
				LD_RUNPATH_SEARCH_PATHS = "$(inherited) @executable_path/Frameworks";
				PRODUCT_BUNDLE_IDENTIFIER = "jp.marty-suzuki.URLEmbeddedViewSample";
				PRODUCT_NAME = "$(TARGET_NAME)";
				PROVISIONING_PROFILE_SPECIFIER = "";
				SWIFT_OBJC_BRIDGING_HEADER = "URLEmbeddedViewSample/URLEmbeddedViewSample-Bridging-Header.h";
				SWIFT_OPTIMIZATION_LEVEL = "-Onone";
				SWIFT_VERSION = 4.2;
				TARGETED_DEVICE_FAMILY = "1,2";
			};
			name = Debug;
		};
		37AA37C720FA68D800F59320 /* Release */ = {
			isa = XCBuildConfiguration;
			buildSettings = {
				ASSETCATALOG_COMPILER_APPICON_NAME = AppIcon;
				CLANG_ENABLE_MODULES = YES;
				CODE_SIGN_STYLE = Manual;
				DEVELOPMENT_TEAM = "";
				FRAMEWORK_SEARCH_PATHS = (
					"$(inherited)",
					"$(PROJECT_DIR)/Carthage/Build/iOS",
				);
				INFOPLIST_FILE = URLEmbeddedViewSample/Info.plist;
				IPHONEOS_DEPLOYMENT_TARGET = 9.0;
				LD_RUNPATH_SEARCH_PATHS = "$(inherited) @executable_path/Frameworks";
				PRODUCT_BUNDLE_IDENTIFIER = "jp.marty-suzuki.URLEmbeddedViewSample";
				PRODUCT_NAME = "$(TARGET_NAME)";
				PROVISIONING_PROFILE_SPECIFIER = "";
				SWIFT_OBJC_BRIDGING_HEADER = "URLEmbeddedViewSample/URLEmbeddedViewSample-Bridging-Header.h";
				SWIFT_VERSION = 4.2;
				TARGETED_DEVICE_FAMILY = "1,2";
			};
			name = Release;
		};
/* End XCBuildConfiguration section */

/* Begin XCConfigurationList section */
		37AA37AE20FA68D800F59320 /* Build configuration list for PBXProject "URLEmbeddedViewSample" */ = {
			isa = XCConfigurationList;
			buildConfigurations = (
				37AA37C320FA68D800F59320 /* Debug */,
				37AA37C420FA68D800F59320 /* Release */,
			);
			defaultConfigurationIsVisible = 0;
			defaultConfigurationName = Release;
		};
		37AA37C520FA68D800F59320 /* Build configuration list for PBXNativeTarget "URLEmbeddedViewSample" */ = {
			isa = XCConfigurationList;
			buildConfigurations = (
				37AA37C620FA68D800F59320 /* Debug */,
				37AA37C720FA68D800F59320 /* Release */,
			);
			defaultConfigurationIsVisible = 0;
			defaultConfigurationName = Release;
		};
/* End XCConfigurationList section */
	};
	rootObject = 37AA37AB20FA68D800F59320 /* Project object */;
}
